
Microsoft Visual Studio Solution File, Format Version 12.00
Project("{FAE04EC0-301F-11D3-BF4B-00C04F79EFBC}") = "ConsoleClient.JWT", "src\ConsoleClient.JWT\ConsoleClient.JWT.csproj", "{FCFDBEEF-B49A-45C4-953B-326BFC7C1CB4}"
EndProject
Project("{2150E333-8FDC-42A3-9474-1A3956D46DE8}") = "src", "src", "{C2638328-8CB1-4F0F-B70E-EB59E4228843}"
EndProject
Global
	GlobalSection(SolutionConfigurationPlatforms) = preSolution
		Debug|Any CPU = Debug|Any CPU
		Release|Any CPU = Release|Any CPU
	EndGlobalSection
	GlobalSection(ProjectConfigurationPlatforms) = postSolution
		{FCFDBEEF-B49A-45C4-953B-326BFC7C1CB4}.Debug|Any CPU.ActiveCfg = Debug|Any CPU
		{FCFDBEEF-B49A-45C4-953B-326BFC7C1CB4}.Debug|Any CPU.Build.0 = Debug|Any CPU
		{FCFDBEEF-B49A-45C4-953B-326BFC7C1CB4}.Release|Any CPU.ActiveCfg = Release|Any CPU
		{FCFDBEEF-B49A-45C4-953B-326BFC7C1CB4}.Release|Any CPU.Build.0 = Release|Any CPU
	EndGlobalSection
	GlobalSection(NestedProjects) = preSolution
		{FCFDBEEF-B49A-45C4-953B-326BFC7C1CB4} = {C2638328-8CB1-4F0F-B70E-EB59E4228843}
	EndGlobalSection
EndGlobal
